lockfileVersion: '9.0'

settings:
  autoInstallPeers: true
  excludeLinksFromLockfile: false

importers:

  .:
    dependencies:
      '@antv/g2':
        specifier: ^4.2.7
        version: 4.2.11
      '@antv/s2':
        specifier: 2.0.0-next.25
        version: 2.0.0-next.25
      '@antv/s2-vue':
        specifier: 2.0.0-next.15
        version: 2.0.0-next.15(@antv/s2@2.0.0-next.25)(ant-design-vue@4.0.0-rc.6(vue@3.4.36))(vue@3.4.36)
      ant-design-vue:
        specifier: 4.0.0-rc.6
        version: 4.0.0-rc.6(vue@3.4.36)
      axios:
        specifier: ^1.7.3
        version: 1.7.3
      echarts:
        specifier: ^5.5.1
        version: 5.5.1
      vue:
        specifier: ^3.4.31
        version: 3.4.36
    devDependencies:
      '@vitejs/plugin-vue':
        specifier: ^5.0.5
        version: 5.1.2(vite@5.3.5)(vue@3.4.36)
      vite:
        specifier: ^5.3.4
        version: 5.3.5

packages:

  '@ant-design/colors@6.0.0':
    resolution: {integrity: sha512-qAZRvPzfdWHtfameEGP2Qvuf838NhergR35o+EuVyB5XvSA98xod5r4utvi4TJ3ywmevm290g9nsCG5MryrdWQ==}

  '@ant-design/icons-svg@4.4.2':
    resolution: {integrity: sha512-vHbT+zJEVzllwP+CM+ul7reTEfBR0vgxFe7+lREAsAA7YGsYpboiq2sQNeQeRvh09GfQgs/GyFEvZpJ9cLXpXA==}

  '@ant-design/icons-vue@6.1.0':
    resolution: {integrity: sha512-EX6bYm56V+ZrKN7+3MT/ubDkvJ5rK/O2t380WFRflDcVFgsvl3NLH7Wxeau6R8DbrO5jWR6DSTC3B6gYFp77AA==}
    peerDependencies:
      vue: '>=3.0.3'

  '@antv/adjust@0.2.5':
    resolution: {integrity: sha512-MfWZOkD9CqXRES6MBGRNe27Q577a72EIwyMnE29wIlPliFvJfWwsrONddpGU7lilMpVKecS3WAzOoip3RfPTRQ==}

  '@antv/attr@0.3.5':
    resolution: {integrity: sha512-wuj2gUo6C8Q2ASSMrVBuTcb5LcV+Tc0Egiy6bC42D0vxcQ+ta13CLxgMmHz8mjD0FxTPJDXSciyszRSC5TdLsg==}

  '@antv/color-util@2.0.6':
    resolution: {integrity: sha512-KnPEaAH+XNJMjax9U35W67nzPI+QQ2x27pYlzmSIWrbj4/k8PGrARXfzDTjwoozHJY8qG62Z+Ww6Alhu2FctXQ==}

  '@antv/component@0.8.35':
    resolution: {integrity: sha512-VnRa5X77nBPI952o2xePEEMSNZ6g2mcUDrQY8mVL2kino/8TFhqDq5fTRmDXZyWyIYd4ulJTz5zgeSwAnX/INQ==}

  '@antv/coord@0.3.1':
    resolution: {integrity: sha512-rFE94C8Xzbx4xmZnHh2AnlB3Qm1n5x0VT3OROy257IH6Rm4cuzv1+tZaUBATviwZd99S+rOY9telw/+6C9GbRw==}

  '@antv/dom-util@2.0.4':
    resolution: {integrity: sha512-2shXUl504fKwt82T3GkuT4Uoc6p9qjCKnJ8gXGLSW4T1W37dqf9AV28aCfoVPHp2BUXpSsB+PAJX2rG/jLHsLQ==}

  '@antv/event-emitter@0.1.3':
    resolution: {integrity: sha512-4ddpsiHN9Pd4UIlWuKVK1C4IiZIdbwQvy9i7DUSI3xNJ89FPUFt8lxDYj8GzzfdllV0NkJTRxnG+FvLk0llidg==}

  '@antv/g-base@0.5.16':
    resolution: {integrity: sha512-jP06wggTubDPHXoKwFg3/f1lyxBX9ywwN3E/HG74Nd7DXqOXQis8tsIWW+O6dS/h9vyuXLd1/wDWkMMm3ZzXdg==}

  '@antv/g-camera-api@2.0.11':
    resolution: {integrity: sha512-wgF0zLixf9mDZvFXItnX9VLTxLM0mDSJvMRQ0pPPhFbMCDyewECLskBfU8a7tdQuIMjKEHiJmsrFVoheZTUZxQ==}

  '@antv/g-canvas@0.5.17':
    resolution: {integrity: sha512-sXYJMWTOlb/Ycb6sTKu00LcJqInXJY4t99+kSM40u2OfqrXYmaXDjHR7D2V0roMkbK/QWiWS9UnEidCR1VtMOA==}

  '@antv/g-canvas@2.0.10':
    resolution: {integrity: sha512-XwRvGLUJ+aydWRqIuIm7uUIYdrAq1g4MgNl8sQftYQtippjvlAXz0DUxVYvGhb7fH/GdF4WYKPxhjOa/ueW65Q==}

  '@antv/g-dom-mutation-observer-api@2.0.8':
    resolution: {integrity: sha512-SeQ3CtdtUMWrQD4HgQH+o8ayP30yeZwBMFnplsiEzJxYAqt9Clh8EXJtUAVP7sjznKiYmLvFZW53uu2bUlPyTw==}

  '@antv/g-lite@2.0.8':
    resolution: {integrity: sha512-heq4GGHZD4Mk9QbgvjCjZO+sjlxHHmxw1uWZLdxfCSKZKF79AVJ2Srx1Eu0WwL+UnsAgwdmlWKBWh4YLx0Y4XQ==}

  '@antv/g-math@0.1.9':
    resolution: {integrity: sha512-KHMSfPfZ5XHM1PZnG42Q2gxXfOitYveNTA7L61lR6mhZ8Y/aExsYmHqaKBsSarU0z+6WLrl9C07PQJZaw0uljQ==}

  '@antv/g-math@3.0.0':
    resolution: {integrity: sha512-AkmiNIEL1vgqTPeGY2wtsMdBBqKFwF7SKSgs+D1iOS/rqYMsXdhp/HvtuQ5tx/HdawE/ZzTiicIYopc520ADZw==}

  '@antv/g-plugin-canvas-path-generator@2.0.8':
    resolution: {integrity: sha512-UPwFhzFxPYmKwsdTZ2cOf/R2GPCG0iXNQjt0422xuYod9ZGMWLgjp3s11a3iXDjJLD2WCPHVF2YsxV0RO4+N4Q==}

  '@antv/g-plugin-canvas-picker@2.0.9':
    resolution: {integrity: sha512-9vBDSud/NuFfq+AA044N2KIqRbFdS3+whS4BD12jbRjiIIwB34ttfuwNCZVU/BoFy/Q72t28UrKPA+/LqxFyzw==}

  '@antv/g-plugin-canvas-renderer@2.0.9':
    resolution: {integrity: sha512-cDM5O78M5yVzaQQ0InacxVSEsoSjhFGLoATpXIvbK9689vF6nCJAWLT4qc/59jQA9AFL9G4WXEIHng7kLlJtrQ==}

  '@antv/g-plugin-dom-interaction@2.0.8':
    resolution: {integrity: sha512-hxw30xL42Om29LdKoqsKMYAAhpz+DZGdeZRoLmiH7ObZwgj6CLCfdBVwvqWHWo0D1tN5452rrPiPfw9hKTSm/A==}

  '@antv/g-plugin-html-renderer@2.0.9':
    resolution: {integrity: sha512-2PloWv0BiN6BybaGQw5Ob8rMoX0FtyFCWmgRs++W+jz5jiTJsZ0RNYRT3UGtyhSjQ10UkczbK286dbSd0dlWeQ==}

  '@antv/g-plugin-image-loader@2.0.8':
    resolution: {integrity: sha512-OFbtNLHT8N1jANvuNQSapHt8d/QymmhzWWass7bczHC/lRn8OId57c+FRJxg7ht7zwergf3I/vuTdeGvN4YlWQ==}

  '@antv/g-svg@0.5.7':
    resolution: {integrity: sha512-jUbWoPgr4YNsOat2Y/rGAouNQYGpw4R0cvlN0YafwOyacFFYy2zC8RslNd6KkPhhR3XHNSqJOuCYZj/YmLUwYw==}

  '@antv/g-web-animations-api@2.0.9':
    resolution: {integrity: sha512-ekAB/OVaIBegNjtjydR9cmCZF67SK0w38aOj6n39G8EeOnCD2vOdV3grAIPWkjYU0oixoQ6IYQUXc+3nMZ0Txg==}

  '@antv/g2@4.2.11':
    resolution: {integrity: sha512-QiqxLLYDWkv9c4oTcXscs6NMxBuWZ1JCarHPZ27J43IN2BV+qUKw8yce0A8CBR8fCILEFqQAfS00Szqpye036Q==}

  '@antv/g@6.0.12':
    resolution: {integrity: sha512-7FEYxc8rR79Wi3VdCHqf/MY0a+6X3N5y8D0FiGc3XBtt8WnmJYWO/wcN8rQRvIV//ecMSeq9V/9En1TqyOnaEA==}

  '@antv/matrix-util@3.0.4':
    resolution: {integrity: sha512-BAPyu6dUliHcQ7fm9hZSGKqkwcjEDVLVAstlHULLvcMZvANHeLXgHEgV7JqcAV/GIhIz8aZChIlzM1ZboiXpYQ==}

  '@antv/matrix-util@3.1.0-beta.3':
    resolution: {integrity: sha512-W2R6Za3A6CmG51Y/4jZUM/tFgYSq7vTqJL1VD9dKrvwxS4sE0ZcXINtkp55CdyBwJ6Cwm8pfoRpnD4FnHahN0A==}

  '@antv/path-util@2.0.15':
    resolution: {integrity: sha512-R2VLZ5C8PLPtr3VciNyxtjKqJ0XlANzpFb5sE9GE61UQqSRuSVSzIakMxjEPrpqbgc+s+y8i+fmc89Snu7qbNw==}

  '@antv/s2-vue@2.0.0-next.15':
    resolution: {integrity: sha512-CwhzcD69+96VIZI4gyuLHkYSQPVVS4fdZ0oOYTfRxqwc+wQqIDePd/dBg7UXBLv32pqGv+5uOkeELYsa6mqtrg==}
    peerDependencies:
      '@antv/s2': ^2.0.0-next.1
      ant-design-vue: ^3.2.0
      vue: '>=3.x'

  '@antv/s2@2.0.0-next.25':
    resolution: {integrity: sha512-u5c0IxxJu+3PLo9LwcQkEOSxt8OzgSh6Nhw80czO6ZeT+0TNiiHasYbrajezGb10TmYp1/adWq9wZxNPMVeP2w==}

  '@antv/scale@0.3.18':
    resolution: {integrity: sha512-GHwE6Lo7S/Q5fgaLPaCsW+CH+3zl4aXpnN1skOiEY0Ue9/u+s2EySv6aDXYkAqs//i0uilMDD/0/4n8caX9U9w==}

  '@antv/util@2.0.17':
    resolution: {integrity: sha512-o6I9hi5CIUvLGDhth0RxNSFDRwXeywmt6ExR4+RmVAzIi48ps6HUy+svxOCayvrPBN37uE6TAc2KDofRo0nK9Q==}

  '@antv/util@3.3.8':
    resolution: {integrity: sha512-RO2vmp84adfZn5HVXuNtHr35PRWthw4oCUv0hn9DmEWwOJSeU6NtDCEg9KvU8sH2bJaS3fe/cppNSVy2L8tOaw==}

  '@babel/helper-string-parser@7.24.8':
    resolution: {integrity: sha512-pO9KhhRcuUyGnJWwyEgnRJTSIZHiT+vMD0kPeD+so0l7mxkMT19g3pjY9GTnHySck/hDzq+dtW/4VgnMkippsQ==}
    engines: {node: '>=6.9.0'}

  '@babel/helper-validator-identifier@7.24.7':
    resolution: {integrity: sha512-rR+PBcQ1SMQDDyF6X0wxtG8QyLCgUB0eRAGguqRLfkCA87l7yAP7ehq8SNj96OOGTO8OBV70KhuFYcIkHXOg0w==}
    engines: {node: '>=6.9.0'}

  '@babel/parser@7.25.3':
    resolution: {integrity: sha512-iLTJKDbJ4hMvFPgQwwsVoxtHyWpKKPBrxkANrSYewDPaPpT5py5yeVkgPIJ7XYXhndxJpaA3PyALSXQ7u8e/Dw==}
    engines: {node: '>=6.0.0'}
    hasBin: true

  '@babel/runtime@7.25.0':
    resolution: {integrity: sha512-7dRy4DwXwtzBrPbZflqxnvfxLF8kdZXPkhymtDeFoFqE6ldzjQFgYTtYIFARcLEYDrqfBfYcZt1WqFxRoyC9Rw==}
    engines: {node: '>=6.9.0'}

  '@babel/types@7.25.2':
    resolution: {integrity: sha512-YTnYtra7W9e6/oAZEHj0bJehPRUlLH9/fbpT5LfB0NhQXyALCRkRs3zH9v07IYhkgpqX6Z78FnuccZr/l4Fs4Q==}
    engines: {node: '>=6.9.0'}

  '@ctrl/tinycolor@3.6.1':
    resolution: {integrity: sha512-SITSV6aIXsuVNV3f3O0f2n/cgyEDWoSqtZMYiAmcsYHydcKrOz3gUxB/iXd/Qf08+IZX4KpgNbvUdMBmWz+kcA==}
    engines: {node: '>=10'}

  '@emotion/hash@0.9.2':
    resolution: {integrity: sha512-MyqliTZGuOm3+5ZRSaaBGP3USLw6+EGykkwZns2EPC5g8jJ4z9OrdZY9apkl3+UP9+sdz76YYkwCKP5gh8iY3g==}

  '@emotion/unitless@0.8.1':
    resolution: {integrity: sha512-KOEGMu6dmJZtpadb476IsZBclKvILjopjUii3V+7MnXIQCYh8W3NgNcgwo21n9LXZX6EDIKvqfjYxXebDwxKmQ==}

  '@esbuild/aix-ppc64@0.21.5':
    resolution: {integrity: sha512-1SDgH6ZSPTlggy1yI6+Dbkiz8xzpHJEVAlF/AM1tHPLsf5STom9rwtjE4hKAF20FfXXNTFqEYXyJNWh1GiZedQ==}
    engines: {node: '>=12'}
    cpu: [ppc64]
    os: [aix]

  '@esbuild/android-arm64@0.21.5':
    resolution: {integrity: sha512-c0uX9VAUBQ7dTDCjq+wdyGLowMdtR/GoC2U5IYk/7D1H1JYC0qseD7+11iMP2mRLN9RcCMRcjC4YMclCzGwS/A==}
    engines: {node: '>=12'}
    cpu: [arm64]
    os: [android]

  '@esbuild/android-arm@0.21.5':
    resolution: {integrity: sha512-vCPvzSjpPHEi1siZdlvAlsPxXl7WbOVUBBAowWug4rJHb68Ox8KualB+1ocNvT5fjv6wpkX6o/iEpbDrf68zcg==}
    engines: {node: '>=12'}
    cpu: [arm]
    os: [android]

  '@esbuild/android-x64@0.21.5':
    resolution: {integrity: sha512-D7aPRUUNHRBwHxzxRvp856rjUHRFW1SdQATKXH2hqA0kAZb1hKmi02OpYRacl0TxIGz/ZmXWlbZgjwWYaCakTA==}
    engines: {node: '>=12'}
    cpu: [x64]
    os: [android]

  '@esbuild/darwin-arm64@0.21.5':
    resolution: {integrity: sha512-DwqXqZyuk5AiWWf3UfLiRDJ5EDd49zg6O9wclZ7kUMv2WRFr4HKjXp/5t8JZ11QbQfUS6/cRCKGwYhtNAY88kQ==}
    engines: {node: '>=12'}
    cpu: [arm64]
    os: [darwin]

  '@esbuild/darwin-x64@0.21.5':
    resolution: {integrity: sha512-se/JjF8NlmKVG4kNIuyWMV/22ZaerB+qaSi5MdrXtd6R08kvs2qCN4C09miupktDitvh8jRFflwGFBQcxZRjbw==}
    engines: {node: '>=12'}
    cpu: [x64]
    os: [darwin]

  '@esbuild/freebsd-arm64@0.21.5':
    resolution: {integrity: sha512-5JcRxxRDUJLX8JXp/wcBCy3pENnCgBR9bN6JsY4OmhfUtIHe3ZW0mawA7+RDAcMLrMIZaf03NlQiX9DGyB8h4g==}
    engines: {node: '>=12'}
    cpu: [arm64]
    os: [freebsd]

  '@esbuild/freebsd-x64@0.21.5':
    resolution: {integrity: sha512-J95kNBj1zkbMXtHVH29bBriQygMXqoVQOQYA+ISs0/2l3T9/kj42ow2mpqerRBxDJnmkUDCaQT/dfNXWX/ZZCQ==}
    engines: {node: '>=12'}
    cpu: [x64]
    os: [freebsd]

  '@esbuild/linux-arm64@0.21.5':
    resolution: {integrity: sha512-ibKvmyYzKsBeX8d8I7MH/TMfWDXBF3db4qM6sy+7re0YXya+K1cem3on9XgdT2EQGMu4hQyZhan7TeQ8XkGp4Q==}
    engines: {node: '>=12'}
    cpu: [arm64]
    os: [linux]

  '@esbuild/linux-arm@0.21.5':
    resolution: {integrity: sha512-bPb5AHZtbeNGjCKVZ9UGqGwo8EUu4cLq68E95A53KlxAPRmUyYv2D6F0uUI65XisGOL1hBP5mTronbgo+0bFcA==}
    engines: {node: '>=12'}
    cpu: [arm]
    os: [linux]

  '@esbuild/linux-ia32@0.21.5':
    resolution: {integrity: sha512-YvjXDqLRqPDl2dvRODYmmhz4rPeVKYvppfGYKSNGdyZkA01046pLWyRKKI3ax8fbJoK5QbxblURkwK/MWY18Tg==}
    engines: {node: '>=12'}
    cpu: [ia32]
    os: [linux]

  '@esbuild/linux-loong64@0.21.5':
    resolution: {integrity: sha512-uHf1BmMG8qEvzdrzAqg2SIG/02+4/DHB6a9Kbya0XDvwDEKCoC8ZRWI5JJvNdUjtciBGFQ5PuBlpEOXQj+JQSg==}
    engines: {node: '>=12'}
    cpu: [loong64]
    os: [linux]

  '@esbuild/linux-mips64el@0.21.5':
    resolution: {integrity: sha512-IajOmO+KJK23bj52dFSNCMsz1QP1DqM6cwLUv3W1QwyxkyIWecfafnI555fvSGqEKwjMXVLokcV5ygHW5b3Jbg==}
    engines: {node: '>=12'}
    cpu: [mips64el]
    os: [linux]

  '@esbuild/linux-ppc64@0.21.5':
    resolution: {integrity: sha512-1hHV/Z4OEfMwpLO8rp7CvlhBDnjsC3CttJXIhBi+5Aj5r+MBvy4egg7wCbe//hSsT+RvDAG7s81tAvpL2XAE4w==}
    engines: {node: '>=12'}
    cpu: [ppc64]
    os: [linux]

  '@esbuild/linux-riscv64@0.21.5':
    resolution: {integrity: sha512-2HdXDMd9GMgTGrPWnJzP2ALSokE/0O5HhTUvWIbD3YdjME8JwvSCnNGBnTThKGEB91OZhzrJ4qIIxk/SBmyDDA==}
    engines: {node: '>=12'}
    cpu: [riscv64]
    os: [linux]

  '@esbuild/linux-s390x@0.21.5':
    resolution: {integrity: sha512-zus5sxzqBJD3eXxwvjN1yQkRepANgxE9lgOW2qLnmr8ikMTphkjgXu1HR01K4FJg8h1kEEDAqDcZQtbrRnB41A==}
    engines: {node: '>=12'}
    cpu: [s390x]
    os: [linux]

  '@esbuild/linux-x64@0.21.5':
    resolution: {integrity: sha512-1rYdTpyv03iycF1+BhzrzQJCdOuAOtaqHTWJZCWvijKD2N5Xu0TtVC8/+1faWqcP9iBCWOmjmhoH94dH82BxPQ==}
    engines: {node: '>=12'}
    cpu: [x64]
    os: [linux]

  '@esbuild/netbsd-x64@0.21.5':
    resolution: {integrity: sha512-Woi2MXzXjMULccIwMnLciyZH4nCIMpWQAs049KEeMvOcNADVxo0UBIQPfSmxB3CWKedngg7sWZdLvLczpe0tLg==}
    engines: {node: '>=12'}
    cpu: [x64]
    os: [netbsd]

  '@esbuild/openbsd-x64@0.21.5':
    resolution: {integrity: sha512-HLNNw99xsvx12lFBUwoT8EVCsSvRNDVxNpjZ7bPn947b8gJPzeHWyNVhFsaerc0n3TsbOINvRP2byTZ5LKezow==}
    engines: {node: '>=12'}
    cpu: [x64]
    os: [openbsd]

  '@esbuild/sunos-x64@0.21.5':
    resolution: {integrity: sha512-6+gjmFpfy0BHU5Tpptkuh8+uw3mnrvgs+dSPQXQOv3ekbordwnzTVEb4qnIvQcYXq6gzkyTnoZ9dZG+D4garKg==}
    engines: {node: '>=12'}
    cpu: [x64]
    os: [sunos]

  '@esbuild/win32-arm64@0.21.5':
    resolution: {integrity: sha512-Z0gOTd75VvXqyq7nsl93zwahcTROgqvuAcYDUr+vOv8uHhNSKROyU961kgtCD1e95IqPKSQKH7tBTslnS3tA8A==}
    engines: {node: '>=12'}
    cpu: [arm64]
    os: [win32]

  '@esbuild/win32-ia32@0.21.5':
    resolution: {integrity: sha512-SWXFF1CL2RVNMaVs+BBClwtfZSvDgtL//G/smwAc5oVK/UPu2Gu9tIaRgFmYFFKrmg3SyAjSrElf0TiJ1v8fYA==}
    engines: {node: '>=12'}
    cpu: [ia32]
    os: [win32]

  '@esbuild/win32-x64@0.21.5':
    resolution: {integrity: sha512-tQd/1efJuzPC6rCFwEvLtci/xNFcTZknmXs98FYDfGE4wP9ClFV98nyKrzJKVPMhdDnjzLhdUyMX4PsQAPjwIw==}
    engines: {node: '>=12'}
    cpu: [x64]
    os: [win32]

  '@jridgewell/sourcemap-codec@1.5.0':
    resolution: {integrity: sha512-gv3ZRaISU3fjPAgNsriBRqGWQL6quFx04YMPW/zD8XMLsU32mhCCbfbO6KZFLjvYpCZ8zyDEgqsgf+PwPaM7GQ==}

  '@rollup/rollup-android-arm-eabi@4.20.0':
    resolution: {integrity: sha512-TSpWzflCc4VGAUJZlPpgAJE1+V60MePDQnBd7PPkpuEmOy8i87aL6tinFGKBFKuEDikYpig72QzdT3QPYIi+oA==}
    cpu: [arm]
    os: [android]

  '@rollup/rollup-android-arm64@4.20.0':
    resolution: {integrity: sha512-u00Ro/nok7oGzVuh/FMYfNoGqxU5CPWz1mxV85S2w9LxHR8OoMQBuSk+3BKVIDYgkpeOET5yXkx90OYFc+ytpQ==}
    cpu: [arm64]
    os: [android]

  '@rollup/rollup-darwin-arm64@4.20.0':
    resolution: {integrity: sha512-uFVfvzvsdGtlSLuL0ZlvPJvl6ZmrH4CBwLGEFPe7hUmf7htGAN+aXo43R/V6LATyxlKVC/m6UsLb7jbG+LG39Q==}
    cpu: [arm64]
    os: [darwin]

  '@rollup/rollup-darwin-x64@4.20.0':
    resolution: {integrity: sha512-xbrMDdlev53vNXexEa6l0LffojxhqDTBeL+VUxuuIXys4x6xyvbKq5XqTXBCEUA8ty8iEJblHvFaWRJTk/icAQ==}
    cpu: [x64]
    os: [darwin]

  '@rollup/rollup-linux-arm-gnueabihf@4.20.0':
    resolution: {integrity: sha512-jMYvxZwGmoHFBTbr12Xc6wOdc2xA5tF5F2q6t7Rcfab68TT0n+r7dgawD4qhPEvasDsVpQi+MgDzj2faOLsZjA==}
    cpu: [arm]
    os: [linux]

  '@rollup/rollup-linux-arm-musleabihf@4.20.0':
    resolution: {integrity: sha512-1asSTl4HKuIHIB1GcdFHNNZhxAYEdqML/MW4QmPS4G0ivbEcBr1JKlFLKsIRqjSwOBkdItn3/ZDlyvZ/N6KPlw==}
    cpu: [arm]
    os: [linux]

  '@rollup/rollup-linux-arm64-gnu@4.20.0':
    resolution: {integrity: sha512-COBb8Bkx56KldOYJfMf6wKeYJrtJ9vEgBRAOkfw6Ens0tnmzPqvlpjZiLgkhg6cA3DGzCmLmmd319pmHvKWWlQ==}
    cpu: [arm64]
    os: [linux]

  '@rollup/rollup-linux-arm64-musl@4.20.0':
    resolution: {integrity: sha512-+it+mBSyMslVQa8wSPvBx53fYuZK/oLTu5RJoXogjk6x7Q7sz1GNRsXWjn6SwyJm8E/oMjNVwPhmNdIjwP135Q==}
    cpu: [arm64]
    os: [linux]

  '@rollup/rollup-linux-powerpc64le-gnu@4.20.0':
    resolution: {integrity: sha512-yAMvqhPfGKsAxHN8I4+jE0CpLWD8cv4z7CK7BMmhjDuz606Q2tFKkWRY8bHR9JQXYcoLfopo5TTqzxgPUjUMfw==}
    cpu: [ppc64]
    os: [linux]

  '@rollup/rollup-linux-riscv64-gnu@4.20.0':
    resolution: {integrity: sha512-qmuxFpfmi/2SUkAw95TtNq/w/I7Gpjurx609OOOV7U4vhvUhBcftcmXwl3rqAek+ADBwSjIC4IVNLiszoj3dPA==}
    cpu: [riscv64]
    os: [linux]

  '@rollup/rollup-linux-s390x-gnu@4.20.0':
    resolution: {integrity: sha512-I0BtGXddHSHjV1mqTNkgUZLnS3WtsqebAXv11D5BZE/gfw5KoyXSAXVqyJximQXNvNzUo4GKlCK/dIwXlz+jlg==}
    cpu: [s390x]
    os: [linux]

  '@rollup/rollup-linux-x64-gnu@4.20.0':
    resolution: {integrity: sha512-y+eoL2I3iphUg9tN9GB6ku1FA8kOfmF4oUEWhztDJ4KXJy1agk/9+pejOuZkNFhRwHAOxMsBPLbXPd6mJiCwew==}
    cpu: [x64]
    os: [linux]

  '@rollup/rollup-linux-x64-musl@4.20.0':
    resolution: {integrity: sha512-hM3nhW40kBNYUkZb/r9k2FKK+/MnKglX7UYd4ZUy5DJs8/sMsIbqWK2piZtVGE3kcXVNj3B2IrUYROJMMCikNg==}
    cpu: [x64]
    os: [linux]

  '@rollup/rollup-win32-arm64-msvc@4.20.0':
    resolution: {integrity: sha512-psegMvP+Ik/Bg7QRJbv8w8PAytPA7Uo8fpFjXyCRHWm6Nt42L+JtoqH8eDQ5hRP7/XW2UiIriy1Z46jf0Oa1kA==}
    cpu: [arm64]
    os: [win32]

  '@rollup/rollup-win32-ia32-msvc@4.20.0':
    resolution: {integrity: sha512-GabekH3w4lgAJpVxkk7hUzUf2hICSQO0a/BLFA11/RMxQT92MabKAqyubzDZmMOC/hcJNlc+rrypzNzYl4Dx7A==}
    cpu: [ia32]
    os: [win32]

  '@rollup/rollup-win32-x64-msvc@4.20.0':
    resolution: {integrity: sha512-aJ1EJSuTdGnM6qbVC4B5DSmozPTqIag9fSzXRNNo+humQLG89XpPgdt16Ia56ORD7s+H8Pmyx44uczDQ0yDzpg==}
    cpu: [x64]
    os: [win32]

  '@simonwep/pickr@1.8.2':
    resolution: {integrity: sha512-/l5w8BIkrpP6n1xsetx9MWPWlU6OblN5YgZZphxan0Tq4BByTCETL6lyIeY8lagalS2Nbt4F2W034KHLIiunKA==}

  '@types/d3-timer@2.0.3':
    resolution: {integrity: sha512-jhAJzaanK5LqyLQ50jJNIrB8fjL9gwWZTgYjevPvkDLMU+kTAZkYsobI59nYoeSrH1PucuyJEi247Pb90t6XUg==}

  '@types/estree@1.0.5':
    resolution: {integrity: sha512-/kYRxGDLWzHOB7q+wtSUQlFrtcdUccpfy+X+9iMBpHK8QLLhx2wIPYuS5DYtR9Wa/YlZAbIovy7qVdB1Aq6Lyw==}

  '@types/web-bluetooth@0.0.20':
    resolution: {integrity: sha512-g9gZnnXVq7gM7v3tJCWV/qw7w+KeOlSHAhgF9RytFyifW6AF61hdT2ucrYhPq9hLs5JIryeupHV3qGk95dH9ow==}

  '@vitejs/plugin-vue@5.1.2':
    resolution: {integrity: sha512-nY9IwH12qeiJqumTCLJLE7IiNx7HZ39cbHaysEUd+Myvbz9KAqd2yq+U01Kab1R/H1BmiyM2ShTYlNH32Fzo3A==}
    engines: {node: ^18.0.0 || >=20.0.0}
    peerDependencies:
      vite: ^5.0.0
      vue: ^3.2.25

  '@vue/compiler-core@3.4.36':
    resolution: {integrity: sha512-qBkndgpwFKdupmOPoiS10i7oFdN7a+4UNDlezD0GlQ1kuA1pNrscg9g12HnB5E8hrWSuEftRsbJhL1HI2zpJhg==}

  '@vue/compiler-dom@3.4.36':
    resolution: {integrity: sha512-eEIjy4GwwZTFon/Y+WO8tRRNGqylaRlA79T1RLhUpkOzJ7EtZkkb8MurNfkqY6x6Qiu0R7ESspEF7GkPR/4yYg==}

  '@vue/compiler-sfc@3.4.36':
    resolution: {integrity: sha512-rhuHu7qztt/rNH90dXPTzhB7hLQT2OC4s4GrPVqmzVgPY4XBlfWmcWzn4bIPEWNImt0CjO7kfHAf/1UXOtx3vw==}

  '@vue/compiler-ssr@3.4.36':
    resolution: {integrity: sha512-Wt1zyheF0zVvRJyhY74uxQbnkXV2Le/JPOrAxooR4rFYKC7cFr+cRqW6RU3cM/bsTy7sdZ83IDuy/gLPSfPGng==}

  '@vue/reactivity@3.4.36':
    resolution: {integrity: sha512-wN1aoCwSoqrt1yt8wO0gc13QaC+Vk1o6AoSt584YHNnz6TGDhh1NCMUYgAnvp4HEIkLdGsaC1bvu/P+wpoDEXw==}

  '@vue/runtime-core@3.4.36':
    resolution: {integrity: sha512-9+TR14LAVEerZWLOm/N/sG2DVYhrH2bKgFrbH/FVt/Q8Jdw4OtdcGMRC6Tx8VAo0DA1eqAqrZaX0fbOaOxxZ4A==}

  '@vue/runtime-dom@3.4.36':
    resolution: {integrity: sha512-2Qe2fKkLxgZBVvHrG0QMNLL4bsx7Ae88pyXebY2WnQYABpOnGYvA+axMbcF9QwM4yxnsv+aELbC0eiNVns7mGw==}

  '@vue/server-renderer@3.4.36':
    resolution: {integrity: sha512-2XW90Rq8+Y7S1EIsAuubZVLm0gCU8HYb5mRAruFdwfC3XSOU5/YKePz29csFzsch8hXaY5UHh7ZMddmi1XTJEA==}
    peerDependencies:
      vue: 3.4.36

  '@vue/shared@3.4.36':
    resolution: {integrity: sha512-fdPLStwl1sDfYuUftBaUVn2pIrVFDASYerZSrlBvVBfylObPA1gtcWJHy5Ox8jLEJ524zBibss488Q3SZtU1uA==}

  '@vueuse/core@10.11.0':
    resolution: {integrity: sha512-x3sD4Mkm7PJ+pcq3HX8PLPBadXCAlSDR/waK87dz0gQE+qJnaaFhc/dZVfJz+IUYzTMVGum2QlR7ImiJQN4s6g==}

  '@vueuse/metadata@10.11.0':
    resolution: {integrity: sha512-kQX7l6l8dVWNqlqyN3ePW3KmjCQO3ZMgXuBMddIu83CmucrsBfXlH+JoviYyRBws/yLTQO8g3Pbw+bdIoVm4oQ==}

  '@vueuse/shared@10.11.0':
    resolution: {integrity: sha512-fyNoIXEq3PfX1L3NkNhtVQUSRtqYwJtJg+Bp9rIzculIZWHTkKSysujrOk2J+NrRulLTQH9+3gGSfYLWSEWU1A==}

  ant-design-vue@4.0.0-rc.6:
    resolution: {integrity: sha512-j+GAhgC1p1+nmQVbaEeY2miZ1h+8jBLlxTESX93MwcshVaYTkZNhiyddtl92VvEDJTedzuX+1oT3TP5wG/+tHg==}
    engines: {node: '>=12.22.0'}
    peerDependencies:
      vue: '>=3.2.0'

  array-tree-filter@2.1.0:
    resolution: {integrity: sha512-4ROwICNlNw/Hqa9v+rk5h22KjmzB1JGTMVKP2AKJBOCgb0yL0ASf0+YvCcLNNwquOHNX48jkeZIJ3a+oOQqKcw==}

  async-validator@4.2.5:
    resolution: {integrity: sha512-7HhHjtERjqlNbZtqNqy2rckN/SpOOlmDliet+lP7k+eKZEjPk3DgyeU9lIXLdeLz0uBbbVp+9Qdow9wJWgwwfg==}

  asynckit@0.4.0:
    resolution: {integrity: sha512-Oei9OH4tRh0YqU3GxhX79dM/mwVgvbZJaSNaRk+bshkj0S5cfHcgYakreBjrHwatXKbz+IoIdYLxrKim2MjW0Q==}

  axios@1.7.3:
    resolution: {integrity: sha512-Ar7ND9pU99eJ9GpoGQKhKf58GpUOgnzuaB7ueNQ5BMi0p+LZ5oaEnfF999fAArcTIBwXTCHAmGcHOZJaWPq9Nw==}

  combined-stream@1.0.8:
    resolution: {integrity: sha512-FQN4MRfuJeHf7cBbBMJFXhKSDq+2kAArBlmRBvcvFE5BB1HZKXtSFASDhdlz9zOYwxh8lDdnvmMOe/+5cdoEdg==}
    engines: {node: '>= 0.8'}

  compute-scroll-into-view@1.0.20:
    resolution: {integrity: sha512-UCB0ioiyj8CRjtrvaceBLqqhZCVP+1B8+NWQhmdsm0VXOJtobBCf1dBQmebCCo34qZmUwZfIH2MZLqNHazrfjg==}

  core-js@3.38.0:
    resolution: {integrity: sha512-XPpwqEodRljce9KswjZShh95qJ1URisBeKCjUdq27YdenkslVe7OO0ZJhlYXAChW7OhXaRLl8AAba7IBfoIHug==}

  csstype@3.1.3:
    resolution: {integrity: sha512-M1uQkMl8rQK/szD0LNhtqxIPLpimGm8sOBwU7lLnCpSbTyY3yeU1Vc7l4KT5zT4s/yOxHH5O7tIuuLOCnLADRw==}

  d3-color@1.4.1:
    resolution: {integrity: sha512-p2sTHSLCJI2QKunbGb7ocOh7DgTAn8IrLx21QRc/BSnodXM4sv6aLQlnfpvehFMLZEfBc6g9pH9SWQccFYfJ9Q==}

  d3-color@3.1.0:
    resolution: {integrity: sha512-zg/chbXyeBtMQ1LbD/WSoW2DpC3I0mpmPdW+ynRTj/x2DAWYrIY7qeZIHidozwV24m4iavr15lNwIwLxRmOxhA==}
    engines: {node: '>=12'}

  d3-ease@1.0.7:
    resolution: {integrity: sha512-lx14ZPYkhNx0s/2HX5sLFUI3mbasHjSSpwO/KaaNACweVwxUruKyWVcb293wMv1RqTPZyZ8kSZ2NogUZNcLOFQ==}

  d3-ease@3.0.1:
    resolution: {integrity: sha512-wR/XK3D3XcLIZwpbvQwQ5fK+8Ykds1ip7A2Txe0yxncXSdq1L9skcG7blcedkOX+ZcgxGAmLX1FrRGbADwzi0w==}
    engines: {node: '>=12'}

  d3-interpolate@1.4.0:
    resolution: {integrity: sha512-V9znK0zc3jOPV4VD2zZn0sDhZU3WAE2bmlxdIwwQPPzPjvyLkd8B3JUVdS1IDUFDkWZ72c9qnv1GK2ZagTZ8EA==}

  d3-interpolate@3.0.1:
    resolution: {integrity: sha512-3bYs1rOD33uo8aqJfKP3JWPAibgw8Zm2+L9vBKEHJ2Rg+viTR7o5Mmv5mZcieN+FRYaAOWX5SJATX6k1PWz72g==}
    engines: {node: '>=12'}

  d3-timer@1.0.10:
    resolution: {integrity: sha512-B1JDm0XDaQC+uvo4DT79H0XmBskgS3l6Ve+1SBCfxgmtIb1AVrPIoqd+nPSv+loMX8szQ0sVUhGngL7D5QPiXw==}

  dayjs@1.11.12:
    resolution: {integrity: sha512-Rt2g+nTbLlDWZTwwrIXjy9MeiZmSDI375FvZs72ngxx8PDC6YXOeR3q5LAuPzjZQxhiWdRKac7RKV+YyQYfYIg==}

  decimal.js@10.4.3:
    resolution: {integrity: sha512-VBBaLc1MgL5XpzgIP7ny5Z6Nx3UrRkIViUkPUdtl9aya5amy3De1gsUUSB1g3+3sExYNjCAsAznmukyxCb1GRA==}

  delayed-stream@1.0.0:
    resolution: {integrity: sha512-ZySD7Nf91aLB0RxL4KGrKHBXl7Eds1DAmEdcoVawXnLD7SDhpNgtuII2aAkg7a7QS41jxPSZ17p4VdGnMHk3MQ==}
    engines: {node: '>=0.4.0'}

  detect-browser@5.3.0:
    resolution: {integrity: sha512-53rsFbGdwMwlF7qvCt0ypLM5V5/Mbl0szB7GPN8y9NCcbknYOeVVXdrXEq+90IwAfrrzt6Hd+u2E2ntakICU8w==}

  dom-align@1.12.4:
    resolution: {integrity: sha512-R8LUSEay/68zE5c8/3BDxiTEvgb4xZTF0RKmAHfiEVN3klfIpXfi2/QCoiWPccVQ0J/ZGdz9OjzL4uJEP/MRAw==}

  dom-scroll-into-view@2.0.1:
    resolution: {integrity: sha512-bvVTQe1lfaUr1oFzZX80ce9KLDlZ3iU+XGNE/bz9HnGdklTieqsbmsLHe+rT2XWqopvL0PckkYqN7ksmm5pe3w==}

  echarts@5.5.1:
    resolution: {integrity: sha512-Fce8upazaAXUVUVsjgV6mBnGuqgO+JNDlcgF79Dksy4+wgGpQB2lmYoO4TSweFg/mZITdpGHomw/cNBJZj1icA==}

  entities@5.0.0:
    resolution: {integrity: sha512-BeJFvFRJddxobhvEdm5GqHzRV/X+ACeuw0/BuuxsCh1EUZcAIz8+kYmBp/LrQuloy6K1f3a0M7+IhmZ7QnkISA==}
    engines: {node: '>=0.12'}

  esbuild@0.21.5:
    resolution: {integrity: sha512-mg3OPMV4hXywwpoDxu3Qda5xCKQi+vCTZq8S9J/EpkhB2HzKXq4SNFZE3+NK93JYxc8VMSep+lOUSC/RVKaBqw==}
    engines: {node: '>=12'}
    hasBin: true

  estree-walker@2.0.2:
    resolution: {integrity: sha512-Rfkk/Mp/DL7JVje3u18FxFujQlTNR2q6QfMSMB7AvCBx91NGj/ba3kCfza0f6dVDbw7YlRf/nDrn7pQrCCyQ/w==}

  eventemitter3@5.0.1:
    resolution: {integrity: sha512-GWkBvjiSZK87ELrYOSESUYeVIc9mvLLf/nXalMOS5dYrgZq9o5OVkbZAVM06CVxYsCwH9BDZFPlQTlPA1j4ahA==}

  fast-deep-equal@3.1.3:
    resolution: {integrity: sha512-f3qQ9oQy9j2AhBe/H9VC91wLmKBCCU/gDOnKNAYG5hswO7BLKj09Hc5HYNz9cGI++xlpDCIgDaitVs03ATR84Q==}

  fecha@4.2.3:
    resolution: {integrity: sha512-OP2IUU6HeYKJi3i0z4A19kHMQoLVs4Hc+DPqqxI2h/DPZHTm/vjsfC6P0b4jCMy14XizLBqvndQ+UilD7707Jw==}

  follow-redirects@1.15.6:
    resolution: {integrity: sha512-wWN62YITEaOpSK584EZXJafH1AGpO8RVgElfkuXbTOrPX4fIfOyEpW/CsiNd8JdYrAoOvafRTOEnvsO++qCqFA==}
    engines: {node: '>=4.0'}
    peerDependencies:
      debug: '*'
    peerDependenciesMeta:
      debug:
        optional: true

  form-data@4.0.0:
    resolution: {integrity: sha512-ETEklSGi5t0QMZuiXoA/Q6vcnxcLQP5vdugSpuAyi6SVGi2clPPp+xgEhuMaHC+zGgn31Kd235W35f7Hykkaww==}
    engines: {node: '>= 6'}

  fsevents@2.3.3:
    resolution: {integrity: sha512-5xoDfX+fL7faATnagmWPpbFtwh/R77WmMMqqHGS65C3vvB0YHrgF+B1YmZ3441tMj5n63k0212XNoJwzlhffQw==}
    engines: {node: ^8.16.0 || ^10.6.0 || >=11.0.0}
    os: [darwin]

  gl-matrix@3.4.3:
    resolution: {integrity: sha512-wcCp8vu8FT22BnvKVPjXa/ICBWRq/zjFfdofZy1WSpQZpphblv12/bOQLBC1rMM7SGOFS9ltVmKOHil5+Ml7gA==}

  is-plain-object@3.0.1:
    resolution: {integrity: sha512-Xnpx182SBMrr/aBik8y+GuR4U1L9FqMSojwDQwPMmxyC6bvEqly9UBCxhauBF5vNh2gwWJNX6oDV7O+OM4z34g==}
    engines: {node: '>=0.10.0'}

  js-tokens@4.0.0:
    resolution: {integrity: sha512-RdJUflcE3cUzKiMqQgsCu06FPu9UdIJO0beYbPhHN4k6apgJtifcoCtT9bcxOpYBtpD2kCM6Sbzg4CausW/PKQ==}

  lodash-es@4.17.21:
    resolution: {integrity: sha512-mKnC+QJ9pWVzv+C4/U3rRsHapFfHvQFoFB92e52xeyGMcX6/OlIl78je1u8vePzYZSkkogMPJ2yjxxsb89cxyw==}

  lodash@4.17.21:
    resolution: {integrity: sha512-v2kDEe57lecTulaDIuNTPy3Ry4gLGJ6Z1O3vE1krgXZNrsQ+LFTGHVxVjcXPs17LhbZVGedAJv8XZ1tvj5FvSg==}

  loose-envify@1.4.0:
    resolution: {integrity: sha512-lyuxPGr/Wfhrlem2CL/UcnUc1zcqKAImBDzukY7Y5F/yQiNdko6+fRLevlw1HgMySw7f611UIY408EtxRSoK3Q==}
    hasBin: true

  magic-string@0.30.11:
    resolution: {integrity: sha512-+Wri9p0QHMy+545hKww7YAu5NyzF8iomPL/RQazugQ9+Ez4Ic3mERMd8ZTX5rfK944j+560ZJi8iAwgak1Ac7A==}

  mime-db@1.52.0:
    resolution: {integrity: sha512-sPU4uV7dYlvtWJxwwxHD0PuihVNiE7TyAbQ5SWxDCB9mUYvOgroQOwYQQOKPJ8CIbE+1ETVlOoK1UC2nU3gYvg==}
    engines: {node: '>= 0.6'}

  mime-types@2.1.35:
    resolution: {integrity: sha512-ZDY+bPm5zTTF+YpCrAU9nK0UgICYPT0QtT1NZWFv4s++TNkcgVaT0g6+4R2uI4MjQjzysHB1zxuWL50hzaeXiw==}
    engines: {node: '>= 0.6'}

  nanoid@3.3.7:
    resolution: {integrity: sha512-eSRppjcPIatRIMC1U6UngP8XFcz8MQWGQdt1MTBQ7NaAmvXDfvNxbvWV3x2y6CdEUciCSsDHDQZbhYaB8QEo2g==}
    engines: {node: ^10 || ^12 || ^13.7 || ^14 || >=15.0.1}
    hasBin: true

  nanopop@2.4.2:
    resolution: {integrity: sha512-NzOgmMQ+elxxHeIha+OG/Pv3Oc3p4RU2aBhwWwAqDpXrdTbtRylbRLQztLy8dMMwfl6pclznBdfUhccEn9ZIzw==}

  picocolors@1.0.1:
    resolution: {integrity: sha512-anP1Z8qwhkbmu7MFP5iTt+wQKXgwzf7zTyGlcdzabySa9vd0Xt392U0rVmz9poOaBj0uHJKyyo9/upk0HrEQew==}

  postcss@8.4.41:
    resolution: {integrity: sha512-TesUflQ0WKZqAvg52PWL6kHgLKP6xB6heTOdoYM0Wt2UHyxNa4K25EZZMgKns3BH1RLVbZCREPpLY0rhnNoHVQ==}
    engines: {node: ^10 || ^12 || >=14}

  proxy-from-env@1.1.0:
    resolution: {integrity: sha512-D+zkORCbA9f1tdWRK0RaCR3GPv50cMxcrz4X8k5LTSUD1Dkw47mKJEZQNunItRTkWwgtaUSo1RVFRIG9ZXiFYg==}

  quickselect@2.0.0:
    resolution: {integrity: sha512-RKJ22hX8mHe3Y6wH/N3wCM6BWtjaxIyyUIkpHOvfFnxdI4yD4tBXEBKSbriGujF6jnSVkJrffuo6vxACiSSxIw==}

  rbush@3.0.1:
    resolution: {integrity: sha512-XRaVO0YecOpEuIvbhbpTrZgoiI6xBlz6hnlr6EHhd+0x9ase6EmeN+hdwwUaJvLcsFFQ8iWVF1GAK1yB0BWi0w==}

  regenerator-runtime@0.14.1:
    resolution: {integrity: sha512-dYnhHh0nJoMfnkZs6GmmhFknAGRrLznOu5nc9ML+EJxGvrx6H7teuevqVqCuPcPK//3eDrrjQhehXVx9cnkGdw==}

  resize-observer-polyfill@1.5.1:
    resolution: {integrity: sha512-LwZrotdHOo12nQuZlHEmtuXdqGoOD0OhaxopaNFxWzInpEgaLWoVuAMbTzixuosCx2nEG58ngzW3vxdWoxIgdg==}

  rollup@4.20.0:
    resolution: {integrity: sha512-6rbWBChcnSGzIlXeIdNIZTopKYad8ZG8ajhl78lGRLsI2rX8IkaotQhVas2Ma+GPxJav19wrSzvRvuiv0YKzWw==}
    engines: {node: '>=18.0.0', npm: '>=8.0.0'}
    hasBin: true

  scroll-into-view-if-needed@2.2.31:
    resolution: {integrity: sha512-dGCXy99wZQivjmjIqihaBQNjryrz5rueJY7eHfTdyWEiR4ttYpsajb14rn9s5d4DY4EcY6+4+U/maARBXJedkA==}

  shallow-equal@1.2.1:
    resolution: {integrity: sha512-S4vJDjHHMBaiZuT9NPb616CSmLf618jawtv3sufLl6ivK8WocjAo58cXwbRV1cgqxH0Qbv+iUt6m05eqEa2IRA==}

  source-map-js@1.2.0:
    resolution: {integrity: sha512-itJW8lvSA0TXEphiRoawsCksnlf8SyvmFzIhltqAHluXd88pkCd+cXJVHTDwdCr0IzwptSm035IHQktUu1QUMg==}
    engines: {node: '>=0.10.0'}

  stylis@4.3.2:
    resolution: {integrity: sha512-bhtUjWd/z6ltJiQwg0dUfxEJ+W+jdqQd8TbWLWyeIJHlnsqmGLRFFd8e5mA0AZi/zx90smXRlN66YMTcaSFifg==}

  throttle-debounce@5.0.2:
    resolution: {integrity: sha512-B71/4oyj61iNH0KeCamLuE2rmKuTO5byTOSVwECM5FA7TiAiAW+UqTKZ9ERueC4qvgSttUhdmq1mXC3kJqGX7A==}
    engines: {node: '>=12.22'}

  tinycolor2@1.6.0:
    resolution: {integrity: sha512-XPaBkWQJdsf3pLKJV9p4qN/S+fm2Oj8AIPo1BTUhg5oxkvm9+SVEGFdhyOz7tTdUTfvxMiAs4sp6/eZO2Ew+pw==}

  to-fast-properties@2.0.0:
    resolution: {integrity: sha512-/OaKK0xYrs3DmxRYqL/yDc+FxFUVYhDlXMhRmv3z915w2HF1tnN1omB354j8VUGO/hbRzyD6Y3sA7v7GS/ceog==}
    engines: {node: '>=4'}

  tslib@1.14.1:
    resolution: {integrity: sha512-Xni35NKzjgMrwevysHTCArtLDpPvye8zV/0E4EyYn43P7/7qvQwPh9BGkHewbMulVntbigmcT7rdX3BNo9wRJg==}

  tslib@2.3.0:
    resolution: {integrity: sha512-N82ooyxVNm6h1riLCoyS9e3fuJ3AMG2zIZs2Gd1ATcSFjSA23Q0fzjjZeh0jbJvWVDZ0cJT8yaNNaaXHzueNjg==}

  tslib@2.6.3:
    resolution: {integrity: sha512-xNvxJEOUiWPGhUuUdQgAJPKOOJfGnIyKySOc09XkKsgdUV/3E2zvwZYdejjmRgPCgcym1juLH3226yA7sEFJKQ==}

  vite@5.3.5:
    resolution: {integrity: sha512-MdjglKR6AQXQb9JGiS7Rc2wC6uMjcm7Go/NHNO63EwiJXfuk9PgqiP/n5IDJCziMkfw9n4Ubp7lttNwz+8ZVKA==}
    engines: {node: ^18.0.0 || >=20.0.0}
    hasBin: true
    peerDependencies:
      '@types/node': ^18.0.0 || >=20.0.0
      less: '*'
      lightningcss: ^1.21.0
      sass: '*'
      stylus: '*'
      sugarss: '*'
      terser: ^5.4.0
    peerDependenciesMeta:
      '@types/node':
        optional: true
      less:
        optional: true
      lightningcss:
        optional: true
      sass:
        optional: true
      stylus:
        optional: true
      sugarss:
        optional: true
      terser:
        optional: true

  vue-demi@0.14.10:
    resolution: {integrity: sha512-nMZBOwuzabUO0nLgIcc6rycZEebF6eeUfaiQx9+WSk8e29IbLvPU9feI6tqW4kTo3hvoYAJkMh8n8D0fuISphg==}
    engines: {node: '>=12'}
    hasBin: true
    peerDependencies:
      '@vue/composition-api': ^1.0.0-rc.1
      vue: ^3.0.0-0 || ^2.6.0
    peerDependenciesMeta:
      '@vue/composition-api':
        optional: true

  vue-types@3.0.2:
    resolution: {integrity: sha512-IwUC0Aq2zwaXqy74h4WCvFCUtoV0iSWr0snWnE9TnU18S66GAQyqQbRf2qfJtUuiFsBf6qp0MEwdonlwznlcrw==}
    engines: {node: '>=10.15.0'}
    peerDependencies:
      vue: ^3.0.0

  vue@3.4.36:
    resolution: {integrity: sha512-mIFvbLgjODfx3Iy1SrxOsiPpDb8Bo3EU+87ioimOZzZTOp15IEdAels70IjBOLO3ZFlLW5AhdwY4dWbXVQKYow==}
    peerDependencies:
      typescript: '*'
    peerDependenciesMeta:
      typescript:
        optional: true

  warning@4.0.3:
    resolution: {integrity: sha512-rpJyN222KWIvHJ/F53XSZv0Zl/accqHR8et1kpaMTD/fLCRxtV8iX8czMzY7sVZupTI3zcUTg8eycS2kNF9l6w==}

  zrender@5.6.0:
    resolution: {integrity: sha512-uzgraf4njmmHAbEUxMJ8Oxg+P3fT04O+9p7gY+wJRVxo8Ge+KmYv0WJev945EH4wFuc4OY2NLXz46FZrWS9xJg==}

snapshots:

  '@ant-design/colors@6.0.0':
    dependencies:
      '@ctrl/tinycolor': 3.6.1

  '@ant-design/icons-svg@4.4.2': {}

  '@ant-design/icons-vue@6.1.0(vue@3.4.36)':
    dependencies:
      '@ant-design/colors': 6.0.0
      '@ant-design/icons-svg': 4.4.2
      vue: 3.4.36

  '@antv/adjust@0.2.5':
    dependencies:
      '@antv/util': 2.0.17
      tslib: 1.14.1

  '@antv/attr@0.3.5':
    dependencies:
      '@antv/color-util': 2.0.6
      '@antv/scale': 0.3.18
      '@antv/util': 2.0.17
      tslib: 2.6.3

  '@antv/color-util@2.0.6':
    dependencies:
      '@antv/util': 2.0.17
      tslib: 2.6.3

  '@antv/component@0.8.35':
    dependencies:
      '@antv/color-util': 2.0.6
      '@antv/dom-util': 2.0.4
      '@antv/g-base': 0.5.16
      '@antv/matrix-util': 3.1.0-beta.3
      '@antv/path-util': 2.0.15
      '@antv/scale': 0.3.18
      '@antv/util': 2.0.17
      fecha: 4.2.3
      tslib: 2.6.3

  '@antv/coord@0.3.1':
    dependencies:
      '@antv/matrix-util': 3.1.0-beta.3
      '@antv/util': 2.0.17
      tslib: 2.6.3

  '@antv/dom-util@2.0.4':
    dependencies:
      tslib: 2.6.3

  '@antv/event-emitter@0.1.3': {}

  '@antv/g-base@0.5.16':
    dependencies:
      '@antv/event-emitter': 0.1.3
      '@antv/g-math': 0.1.9
      '@antv/matrix-util': 3.1.0-beta.3
      '@antv/path-util': 2.0.15
      '@antv/util': 2.0.17
      '@types/d3-timer': 2.0.3
      d3-ease: 1.0.7
      d3-interpolate: 3.0.1
      d3-timer: 1.0.10
      detect-browser: 5.3.0
      tslib: 2.6.3

  '@antv/g-camera-api@2.0.11':
    dependencies:
      '@antv/g-lite': 2.0.8
      '@antv/util': 3.3.8
      gl-matrix: 3.4.3
      tslib: 2.6.3

  '@antv/g-canvas@0.5.17':
    dependencies:
      '@antv/g-base': 0.5.16
      '@antv/g-math': 0.1.9
      '@antv/matrix-util': 3.1.0-beta.3
      '@antv/path-util': 2.0.15
      '@antv/util': 2.0.17
      gl-matrix: 3.4.3
      tslib: 2.6.3

  '@antv/g-canvas@2.0.10':
    dependencies:
      '@antv/g-lite': 2.0.8
      '@antv/g-plugin-canvas-path-generator': 2.0.8
      '@antv/g-plugin-canvas-picker': 2.0.9
      '@antv/g-plugin-canvas-renderer': 2.0.9
      '@antv/g-plugin-dom-interaction': 2.0.8
      '@antv/g-plugin-html-renderer': 2.0.9
      '@antv/g-plugin-image-loader': 2.0.8
      '@antv/util': 3.3.8
      tslib: 2.6.3

  '@antv/g-dom-mutation-observer-api@2.0.8':
    dependencies:
      '@antv/g-lite': 2.0.8

  '@antv/g-lite@2.0.8':
    dependencies:
      '@antv/g-math': 3.0.0
      '@antv/util': 3.3.8
      d3-color: 3.1.0
      eventemitter3: 5.0.1
      gl-matrix: 3.4.3
      rbush: 3.0.1
      tslib: 2.6.3

  '@antv/g-math@0.1.9':
    dependencies:
      '@antv/util': 2.0.17
      gl-matrix: 3.4.3

  '@antv/g-math@3.0.0':
    dependencies:
      '@antv/util': 3.3.8
      gl-matrix: 3.4.3
      tslib: 2.6.3

  '@antv/g-plugin-canvas-path-generator@2.0.8':
    dependencies:
      '@antv/g-lite': 2.0.8
      '@antv/g-math': 3.0.0
      '@antv/util': 3.3.8
      tslib: 2.6.3

  '@antv/g-plugin-canvas-picker@2.0.9':
    dependencies:
      '@antv/g-lite': 2.0.8
      '@antv/g-math': 3.0.0
      '@antv/g-plugin-canvas-path-generator': 2.0.8
      '@antv/g-plugin-canvas-renderer': 2.0.9
      '@antv/util': 3.3.8
      gl-matrix: 3.4.3
      tslib: 2.6.3

  '@antv/g-plugin-canvas-renderer@2.0.9':
    dependencies:
      '@antv/g-lite': 2.0.8
      '@antv/g-math': 3.0.0
      '@antv/g-plugin-canvas-path-generator': 2.0.8
      '@antv/g-plugin-image-loader': 2.0.8
      '@antv/util': 3.3.8
      gl-matrix: 3.4.3
      tslib: 2.6.3

  '@antv/g-plugin-dom-interaction@2.0.8':
    dependencies:
      '@antv/g-lite': 2.0.8
      tslib: 2.6.3

  '@antv/g-plugin-html-renderer@2.0.9':
    dependencies:
      '@antv/g-lite': 2.0.8
      '@antv/util': 3.3.8
      gl-matrix: 3.4.3
      tslib: 2.6.3

  '@antv/g-plugin-image-loader@2.0.8':
    dependencies:
      '@antv/g-lite': 2.0.8
      '@antv/util': 3.3.8
      gl-matrix: 3.4.3
      tslib: 2.6.3

  '@antv/g-svg@0.5.7':
    dependencies:
      '@antv/g-base': 0.5.16
      '@antv/g-math': 0.1.9
      '@antv/util': 2.0.17
      detect-browser: 5.3.0
      tslib: 2.6.3

  '@antv/g-web-animations-api@2.0.9':
    dependencies:
      '@antv/g-lite': 2.0.8
      '@antv/util': 3.3.8
      tslib: 2.6.3

  '@antv/g2@4.2.11':
    dependencies:
      '@antv/adjust': 0.2.5
      '@antv/attr': 0.3.5
      '@antv/color-util': 2.0.6
      '@antv/component': 0.8.35
      '@antv/coord': 0.3.1
      '@antv/dom-util': 2.0.4
      '@antv/event-emitter': 0.1.3
      '@antv/g-base': 0.5.16
      '@antv/g-canvas': 0.5.17
      '@antv/g-svg': 0.5.7
      '@antv/matrix-util': 3.1.0-beta.3
      '@antv/path-util': 2.0.15
      '@antv/scale': 0.3.18
      '@antv/util': 2.0.17
      tslib: 2.6.3

  '@antv/g@6.0.12':
    dependencies:
      '@antv/g-camera-api': 2.0.11
      '@antv/g-dom-mutation-observer-api': 2.0.8
      '@antv/g-lite': 2.0.8
      '@antv/g-web-animations-api': 2.0.9

  '@antv/matrix-util@3.0.4':
    dependencies:
      '@antv/util': 2.0.17
      gl-matrix: 3.4.3
      tslib: 2.6.3

  '@antv/matrix-util@3.1.0-beta.3':
    dependencies:
      '@antv/util': 2.0.17
      gl-matrix: 3.4.3
      tslib: 2.6.3

  '@antv/path-util@2.0.15':
    dependencies:
      '@antv/matrix-util': 3.0.4
      '@antv/util': 2.0.17
      tslib: 2.6.3

  '@antv/s2-vue@2.0.0-next.15(@antv/s2@2.0.0-next.25)(ant-design-vue@4.0.0-rc.6(vue@3.4.36))(vue@3.4.36)':
    dependencies:
      '@antv/s2': 2.0.0-next.25
      '@vueuse/core': 10.11.0(vue@3.4.36)
      ant-design-vue: 4.0.0-rc.6(vue@3.4.36)
      lodash: 4.17.21
      vue: 3.4.36
    transitivePeerDependencies:
      - '@vue/composition-api'

  '@antv/s2@2.0.0-next.25':
    dependencies:
      '@antv/event-emitter': 0.1.3
      '@antv/g': 6.0.12
      '@antv/g-canvas': 2.0.10
      '@antv/g-lite': 2.0.8
      d3-ease: 3.0.1
      d3-interpolate: 1.4.0
      d3-timer: 1.0.10
      decimal.js: 10.4.3
      lodash: 4.17.21
      tinycolor2: 1.6.0

  '@antv/scale@0.3.18':
    dependencies:
      '@antv/util': 2.0.17
      fecha: 4.2.3
      tslib: 2.6.3

  '@antv/util@2.0.17':
    dependencies:
      csstype: 3.1.3
      tslib: 2.6.3

  '@antv/util@3.3.8':
    dependencies:
      fast-deep-equal: 3.1.3
      gl-matrix: 3.4.3
      tslib: 2.6.3

  '@babel/helper-string-parser@7.24.8': {}

  '@babel/helper-validator-identifier@7.24.7': {}

  '@babel/parser@7.25.3':
    dependencies:
      '@babel/types': 7.25.2

  '@babel/runtime@7.25.0':
    dependencies:
      regenerator-runtime: 0.14.1

  '@babel/types@7.25.2':
    dependencies:
      '@babel/helper-string-parser': 7.24.8
      '@babel/helper-validator-identifier': 7.24.7
      to-fast-properties: 2.0.0

  '@ctrl/tinycolor@3.6.1': {}

  '@emotion/hash@0.9.2': {}

  '@emotion/unitless@0.8.1': {}

  '@esbuild/aix-ppc64@0.21.5':
    optional: true

  '@esbuild/android-arm64@0.21.5':
    optional: true

  '@esbuild/android-arm@0.21.5':
    optional: true

  '@esbuild/android-x64@0.21.5':
    optional: true

  '@esbuild/darwin-arm64@0.21.5':
    optional: true

  '@esbuild/darwin-x64@0.21.5':
    optional: true

  '@esbuild/freebsd-arm64@0.21.5':
    optional: true

  '@esbuild/freebsd-x64@0.21.5':
    optional: true

  '@esbuild/linux-arm64@0.21.5':
    optional: true

  '@esbuild/linux-arm@0.21.5':
    optional: true

  '@esbuild/linux-ia32@0.21.5':
    optional: true

  '@esbuild/linux-loong64@0.21.5':
    optional: true

  '@esbuild/linux-mips64el@0.21.5':
    optional: true

  '@esbuild/linux-ppc64@0.21.5':
    optional: true

  '@esbuild/linux-riscv64@0.21.5':
    optional: true

  '@esbuild/linux-s390x@0.21.5':
    optional: true

  '@esbuild/linux-x64@0.21.5':
    optional: true

  '@esbuild/netbsd-x64@0.21.5':
    optional: true

  '@esbuild/openbsd-x64@0.21.5':
    optional: true

  '@esbuild/sunos-x64@0.21.5':
    optional: true

  '@esbuild/win32-arm64@0.21.5':
    optional: true

  '@esbuild/win32-ia32@0.21.5':
    optional: true

  '@esbuild/win32-x64@0.21.5':
    optional: true

  '@jridgewell/sourcemap-codec@1.5.0': {}

  '@rollup/rollup-android-arm-eabi@4.20.0':
    optional: true

  '@rollup/rollup-android-arm64@4.20.0':
    optional: true

  '@rollup/rollup-darwin-arm64@4.20.0':
    optional: true

  '@rollup/rollup-darwin-x64@4.20.0':
    optional: true

  '@rollup/rollup-linux-arm-gnueabihf@4.20.0':
    optional: true

  '@rollup/rollup-linux-arm-musleabihf@4.20.0':
    optional: true

  '@rollup/rollup-linux-arm64-gnu@4.20.0':
    optional: true

  '@rollup/rollup-linux-arm64-musl@4.20.0':
    optional: true

  '@rollup/rollup-linux-powerpc64le-gnu@4.20.0':
    optional: true

  '@rollup/rollup-linux-riscv64-gnu@4.20.0':
    optional: true

  '@rollup/rollup-linux-s390x-gnu@4.20.0':
    optional: true

  '@rollup/rollup-linux-x64-gnu@4.20.0':
    optional: true

  '@rollup/rollup-linux-x64-musl@4.20.0':
    optional: true

  '@rollup/rollup-win32-arm64-msvc@4.20.0':
    optional: true

  '@rollup/rollup-win32-ia32-msvc@4.20.0':
    optional: true

  '@rollup/rollup-win32-x64-msvc@4.20.0':
    optional: true

  '@simonwep/pickr@1.8.2':
    dependencies:
      core-js: 3.38.0
      nanopop: 2.4.2

  '@types/d3-timer@2.0.3': {}

  '@types/estree@1.0.5': {}

  '@types/web-bluetooth@0.0.20': {}

  '@vitejs/plugin-vue@5.1.2(vite@5.3.5)(vue@3.4.36)':
    dependencies:
      vite: 5.3.5
      vue: 3.4.36

  '@vue/compiler-core@3.4.36':
    dependencies:
      '@babel/parser': 7.25.3
      '@vue/shared': 3.4.36
      entities: 5.0.0
      estree-walker: 2.0.2
      source-map-js: 1.2.0

  '@vue/compiler-dom@3.4.36':
    dependencies:
      '@vue/compiler-core': 3.4.36
      '@vue/shared': 3.4.36

  '@vue/compiler-sfc@3.4.36':
    dependencies:
      '@babel/parser': 7.25.3
      '@vue/compiler-core': 3.4.36
      '@vue/compiler-dom': 3.4.36
      '@vue/compiler-ssr': 3.4.36
      '@vue/shared': 3.4.36
      estree-walker: 2.0.2
      magic-string: 0.30.11
      postcss: 8.4.41
      source-map-js: 1.2.0

  '@vue/compiler-ssr@3.4.36':
    dependencies:
      '@vue/compiler-dom': 3.4.36
      '@vue/shared': 3.4.36

  '@vue/reactivity@3.4.36':
    dependencies:
      '@vue/shared': 3.4.36

  '@vue/runtime-core@3.4.36':
    dependencies:
      '@vue/reactivity': 3.4.36
      '@vue/shared': 3.4.36

  '@vue/runtime-dom@3.4.36':
    dependencies:
      '@vue/reactivity': 3.4.36
      '@vue/runtime-core': 3.4.36
      '@vue/shared': 3.4.36
      csstype: 3.1.3

  '@vue/server-renderer@3.4.36(vue@3.4.36)':
    dependencies:
      '@vue/compiler-ssr': 3.4.36
      '@vue/shared': 3.4.36
      vue: 3.4.36

  '@vue/shared@3.4.36': {}

  '@vueuse/core@10.11.0(vue@3.4.36)':
    dependencies:
      '@types/web-bluetooth': 0.0.20
      '@vueuse/metadata': 10.11.0
      '@vueuse/shared': 10.11.0(vue@3.4.36)
      vue-demi: 0.14.10(vue@3.4.36)
    transitivePeerDependencies:
      - '@vue/composition-api'
      - vue

  '@vueuse/metadata@10.11.0': {}

  '@vueuse/shared@10.11.0(vue@3.4.36)':
    dependencies:
      vue-demi: 0.14.10(vue@3.4.36)
    transitivePeerDependencies:
      - '@vue/composition-api'
      - vue

  ant-design-vue@4.0.0-rc.6(vue@3.4.36):
    dependencies:
      '@ant-design/colors': 6.0.0
      '@ant-design/icons-vue': 6.1.0(vue@3.4.36)
      '@babel/runtime': 7.25.0
      '@ctrl/tinycolor': 3.6.1
      '@emotion/hash': 0.9.2
      '@emotion/unitless': 0.8.1
      '@simonwep/pickr': 1.8.2
      array-tree-filter: 2.1.0
      async-validator: 4.2.5
      csstype: 3.1.3
      dayjs: 1.11.12
      dom-align: 1.12.4
      dom-scroll-into-view: 2.0.1
      lodash: 4.17.21
      lodash-es: 4.17.21
      resize-observer-polyfill: 1.5.1
      scroll-into-view-if-needed: 2.2.31
      shallow-equal: 1.2.1
      stylis: 4.3.2
      throttle-debounce: 5.0.2
      vue: 3.4.36
      vue-types: 3.0.2(vue@3.4.36)
      warning: 4.0.3

  array-tree-filter@2.1.0: {}

  async-validator@4.2.5: {}

  asynckit@0.4.0: {}

  axios@1.7.3:
    dependencies:
      follow-redirects: 1.15.6
      form-data: 4.0.0
      proxy-from-env: 1.1.0
    transitivePeerDependencies:
      - debug

  combined-stream@1.0.8:
    dependencies:
      delayed-stream: 1.0.0

  compute-scroll-into-view@1.0.20: {}

  core-js@3.38.0: {}

  csstype@3.1.3: {}

  d3-color@1.4.1: {}

  d3-color@3.1.0: {}

  d3-ease@1.0.7: {}

  d3-ease@3.0.1: {}

  d3-interpolate@1.4.0:
    dependencies:
      d3-color: 1.4.1

  d3-interpolate@3.0.1:
    dependencies:
      d3-color: 3.1.0

  d3-timer@1.0.10: {}

  dayjs@1.11.12: {}

  decimal.js@10.4.3: {}

  delayed-stream@1.0.0: {}

  detect-browser@5.3.0: {}

  dom-align@1.12.4: {}

  dom-scroll-into-view@2.0.1: {}

  echarts@5.5.1:
    dependencies:
      tslib: 2.3.0
      zrender: 5.6.0

  entities@5.0.0: {}

  esbuild@0.21.5:
    optionalDependencies:
      '@esbuild/aix-ppc64': 0.21.5
      '@esbuild/android-arm': 0.21.5
      '@esbuild/android-arm64': 0.21.5
      '@esbuild/android-x64': 0.21.5
      '@esbuild/darwin-arm64': 0.21.5
      '@esbuild/darwin-x64': 0.21.5
      '@esbuild/freebsd-arm64': 0.21.5
      '@esbuild/freebsd-x64': 0.21.5
      '@esbuild/linux-arm': 0.21.5
      '@esbuild/linux-arm64': 0.21.5
      '@esbuild/linux-ia32': 0.21.5
      '@esbuild/linux-loong64': 0.21.5
      '@esbuild/linux-mips64el': 0.21.5
      '@esbuild/linux-ppc64': 0.21.5
      '@esbuild/linux-riscv64': 0.21.5
      '@esbuild/linux-s390x': 0.21.5
      '@esbuild/linux-x64': 0.21.5
      '@esbuild/netbsd-x64': 0.21.5
      '@esbuild/openbsd-x64': 0.21.5
      '@esbuild/sunos-x64': 0.21.5
      '@esbuild/win32-arm64': 0.21.5
      '@esbuild/win32-ia32': 0.21.5
      '@esbuild/win32-x64': 0.21.5

  estree-walker@2.0.2: {}

  eventemitter3@5.0.1: {}

  fast-deep-equal@3.1.3: {}

  fecha@4.2.3: {}

  follow-redirects@1.15.6: {}

  form-data@4.0.0:
    dependencies:
      asynckit: 0.4.0
      combined-stream: 1.0.8
      mime-types: 2.1.35

  fsevents@2.3.3:
    optional: true

  gl-matrix@3.4.3: {}

  is-plain-object@3.0.1: {}

  js-tokens@4.0.0: {}

  lodash-es@4.17.21: {}

  lodash@4.17.21: {}

  loose-envify@1.4.0:
    dependencies:
      js-tokens: 4.0.0

  magic-string@0.30.11:
    dependencies:
      '@jridgewell/sourcemap-codec': 1.5.0

  mime-db@1.52.0: {}

  mime-types@2.1.35:
    dependencies:
      mime-db: 1.52.0

  nanoid@3.3.7: {}

  nanopop@2.4.2: {}

  picocolors@1.0.1: {}

  postcss@8.4.41:
    dependencies:
      nanoid: 3.3.7
      picocolors: 1.0.1
      source-map-js: 1.2.0

  proxy-from-env@1.1.0: {}

  quickselect@2.0.0: {}

  rbush@3.0.1:
    dependencies:
      quickselect: 2.0.0

  regenerator-runtime@0.14.1: {}

  resize-observer-polyfill@1.5.1: {}

  rollup@4.20.0:
    dependencies:
      '@types/estree': 1.0.5
    optionalDependencies:
      '@rollup/rollup-android-arm-eabi': 4.20.0
      '@rollup/rollup-android-arm64': 4.20.0
      '@rollup/rollup-darwin-arm64': 4.20.0
      '@rollup/rollup-darwin-x64': 4.20.0
      '@rollup/rollup-linux-arm-gnueabihf': 4.20.0
      '@rollup/rollup-linux-arm-musleabihf': 4.20.0
      '@rollup/rollup-linux-arm64-gnu': 4.20.0
      '@rollup/rollup-linux-arm64-musl': 4.20.0
      '@rollup/rollup-linux-powerpc64le-gnu': 4.20.0
      '@rollup/rollup-linux-riscv64-gnu': 4.20.0
      '@rollup/rollup-linux-s390x-gnu': 4.20.0
      '@rollup/rollup-linux-x64-gnu': 4.20.0
      '@rollup/rollup-linux-x64-musl': 4.20.0
      '@rollup/rollup-win32-arm64-msvc': 4.20.0
      '@rollup/rollup-win32-ia32-msvc': 4.20.0
      '@rollup/rollup-win32-x64-msvc': 4.20.0
      fsevents: 2.3.3

  scroll-into-view-if-needed@2.2.31:
    dependencies:
      compute-scroll-into-view: 1.0.20

  shallow-equal@1.2.1: {}

  source-map-js@1.2.0: {}

  stylis@4.3.2: {}

  throttle-debounce@5.0.2: {}

  tinycolor2@1.6.0: {}

  to-fast-properties@2.0.0: {}

  tslib@1.14.1: {}

  tslib@2.3.0: {}

  tslib@2.6.3: {}

  vite@5.3.5:
    dependencies:
      esbuild: 0.21.5
      postcss: 8.4.41
      rollup: 4.20.0
    optionalDependencies:
      fsevents: 2.3.3

  vue-demi@0.14.10(vue@3.4.36):
    dependencies:
      vue: 3.4.36

  vue-types@3.0.2(vue@3.4.36):
    dependencies:
      is-plain-object: 3.0.1
      vue: 3.4.36

  vue@3.4.36:
    dependencies:
      '@vue/compiler-dom': 3.4.36
      '@vue/compiler-sfc': 3.4.36
      '@vue/runtime-dom': 3.4.36
      '@vue/server-renderer': 3.4.36(vue@3.4.36)
      '@vue/shared': 3.4.36

  warning@4.0.3:
    dependencies:
      loose-envify: 1.4.0

  zrender@5.6.0:
    dependencies:
      tslib: 2.3.0
